schema: '2.0'
stages:
  clean:
    cmd: python src/clean_data.py data/raw/events.csv data/clean/events.csv
    deps:
    - path: data/raw/events.csv
      hash: md5
      md5: 431ff8b1e99f6c5ac0a423d9e37ac2a9
      size: 73240
      isexec: true
    - path: src/clean_data.py
      hash: md5
      md5: 315fbf96e922d3f35f82aff2a1a6b8f5
      size: 1749
    outs:
    - path: data/clean/events.csv
      hash: md5
      md5: 254b2ae5c82677997e7d4f1f48040a44
      size: 65098
  transform:
    cmd: python src/transform_data.py data/clean/events.csv 
      data/transformed/events.csv
    deps:
    - path: data/clean/events.csv
      hash: md5
      md5: 254b2ae5c82677997e7d4f1f48040a44
      size: 65098
    - path: src/transform_data.py
      hash: md5
      md5: a0b15f59d08cb8f17d9a44afa0296677
      size: 363
    outs:
    - path: data/transformed/events.csv
      hash: md5
      md5: 5c34c38e3f1d50a8c6061bbb1dc46038
      size: 84023
  features:
    cmd: python src/feature_data.py data/transformed/events.csv 
      data/features/events.csv
    deps:
    - path: data/transformed/events.csv
      hash: md5
      md5: 5c34c38e3f1d50a8c6061bbb1dc46038
      size: 84023
    - path: src/feature_data.py
      hash: md5
      md5: 94cef81c2cc003ead279792653d414b5
      size: 352
    outs:
    - path: data/features/events.csv
      hash: md5
      md5: c0f4949990e8da78f7b05459fd4827a7
      size: 122416
