schema: '2.0'
stages:
  clean:
    cmd: python src/clean_data.py
    deps:
    - path: data/raw/events.csv
      hash: md5
      md5: 431ff8b1e99f6c5ac0a423d9e37ac2a9
      size: 73240
      isexec: true
    outs:
    - path: data/clean/events.csv
      hash: md5
      md5: e90b1f5c14d8a0b7afdd6ad78dd40932
      size: 62098
  transform:
    cmd: python src/transform_data.py data/clean/events.csv 
      data/transformed/events.csv data/transformed/events.csv
    deps:
    - path: data/clean/events.csv
      hash: md5
      md5: e90b1f5c14d8a0b7afdd6ad78dd40932
      size: 62098
    outs:
    - path: data/transformed/events.csv
      hash: md5
      md5: 0624dc210bd45bba84842e546d3847cb
      size: 80165
  features:
    cmd: python src/feature_data.py data/transformed/events.csv 
      data/features/events.csv
    deps:
    - path: data/transformed/events.csv
      hash: md5
      md5: 0624dc210bd45bba84842e546d3847cb
      size: 80165
    - path: src/feature_data.py
      hash: md5
      md5: 94cef81c2cc003ead279792653d414b5
      size: 352
    outs:
    - path: data/features/events.csv
      hash: md5
      md5: 77efa5be1b57afea3ab5640b79fef194
      size: 116866
